
Microsoft Visual Studio Solution File, Format Version 12.00
# Visual Studio Version 17
VisualStudioVersion = 17.9.34607.119
MinimumVisualStudioVersion = 10.0.40219.1
Project("{FAE04EC0-301F-11D3-BF4B-00C04F79EFBC}") = "Demo21BITV02", "Demo21BITV02\Demo21BITV02.csproj", "{FEB5733C-70BB-4AFC-8583-16EFC33ABA99}"
EndProject
Global
	GlobalSection(SolutionConfigurationPlatforms) = preSolution
		Debug|Any CPU = Debug|Any CPU
		Release|Any CPU = Release|Any CPU
	EndGlobalSection
	GlobalSection(ProjectConfigurationPlatforms) = postSolution
		{FEB5733C-70BB-4AFC-8583-16EFC33ABA99}.Debug|Any CPU.ActiveCfg = Debug|Any CPU
		{FEB5733C-70BB-4AFC-8583-16EFC33ABA99}.Debug|Any CPU.Build.0 = Debug|Any CPU
		{FEB5733C-70BB-4AFC-8583-16EFC33ABA99}.Release|Any CPU.ActiveCfg = Release|Any CPU
		{FEB5733C-70BB-4AFC-8583-16EFC33ABA99}.Release|Any CPU.Build.0 = Release|Any CPU
	EndGlobalSection
	GlobalSection(SolutionProperties) = preSolution
		HideSolutionNode = FALSE
	EndGlobalSection
	GlobalSection(ExtensibilityGlobals) = postSolution
		SolutionGuid = {5626676F-743D-4CB0-B2D5-7EED7D2DC8AF}
	EndGlobalSection
EndGlobal
